
Microsoft Visual Studio Solution File, Format Version 12.00
# Visual Studio 15
VisualStudioVersion = 15.0.28307.852
MinimumVisualStudioVersion = 10.0.40219.1
Project("{9A19103F-16F7-4668-BE54-9A1E7A4F7556}") = "RazorPagesTestSample", "RazorPagesTestSample\RazorPagesTestSample.csproj", "{ADA01407-7C14-4B86-AFD5-5C795FE7CF0B}"
EndProject
Project("{9A19103F-16F7-4668-BE54-9A1E7A4F7556}") = "RazorPagesTestSample.Tests", "RazorPagesTestSample.Tests\RazorPagesTestSample.Tests.csproj", "{6261DE29-E52E-48CA-BDFD-67A414103AF7}"
EndProject
Global
	GlobalSection(SolutionConfigurationPlatforms) = preSolution
		Debug|Any CPU = Debug|Any CPU
		Release|Any CPU = Release|Any CPU
	EndGlobalSection
	GlobalSection(ProjectConfigurationPlatforms) = postSolution
		{ADA01407-7C14-4B86-AFD5-5C795FE7CF0B}.Debug|Any CPU.ActiveCfg = Debug|Any CPU
		{ADA01407-7C14-4B86-AFD5-5C795FE7CF0B}.Debug|Any CPU.Build.0 = Debug|Any CPU
		{ADA01407-7C14-4B86-AFD5-5C795FE7CF0B}.Release|Any CPU.ActiveCfg = Release|Any CPU
		{ADA01407-7C14-4B86-AFD5-5C795FE7CF0B}.Release|Any CPU.Build.0 = Release|Any CPU
		{6261DE29-E52E-48CA-BDFD-67A414103AF7}.Debug|Any CPU.ActiveCfg = Debug|Any CPU
		{6261DE29-E52E-48CA-BDFD-67A414103AF7}.Debug|Any CPU.Build.0 = Debug|Any CPU
		{6261DE29-E52E-48CA-BDFD-67A414103AF7}.Release|Any CPU.ActiveCfg = Release|Any CPU
		{6261DE29-E52E-48CA-BDFD-67A414103AF7}.Release|Any CPU.Build.0 = Release|Any CPU
	EndGlobalSection
	GlobalSection(SolutionProperties) = preSolution
		HideSolutionNode = FALSE
	EndGlobalSection
	GlobalSection(ExtensibilityGlobals) = postSolution
		SolutionGuid = {172C85FF-FC94-46BF-8B6E-93115ECD1163}
	EndGlobalSection
EndGlobal
